
Microsoft Visual Studio Solution File, Format Version 12.00
# Visual Studio Version 17
VisualStudioVersion = 17.4.33103.184
MinimumVisualStudioVersion = 10.0.40219.1
Project("{FAE04EC0-301F-11D3-BF4B-00C04F79EFBC}") = "WebAppHostedOnAzureVM", "WebAppHostedOnAzureVM\WebAppHostedOnAzureVM.csproj", "{2680D1AF-5135-434A-9F23-7026387CA731}"
EndProject
Global
	GlobalSection(SolutionConfigurationPlatforms) = preSolution
		Debug|Any CPU = Debug|Any CPU
		Release|Any CPU = Release|Any CPU
	EndGlobalSection
	GlobalSection(ProjectConfigurationPlatforms) = postSolution
		{2680D1AF-5135-434A-9F23-7026387CA731}.Debug|Any CPU.ActiveCfg = Debug|Any CPU
		{2680D1AF-5135-434A-9F23-7026387CA731}.Debug|Any CPU.Build.0 = Debug|Any CPU
		{2680D1AF-5135-434A-9F23-7026387CA731}.Release|Any CPU.ActiveCfg = Release|Any CPU
		{2680D1AF-5135-434A-9F23-7026387CA731}.Release|Any CPU.Build.0 = Release|Any CPU
	EndGlobalSection
	GlobalSection(SolutionProperties) = preSolution
		HideSolutionNode = FALSE
	EndGlobalSection
	GlobalSection(ExtensibilityGlobals) = postSolution
		SolutionGuid = {D76C2068-1709-488C-B722-1ACBE55E14E1}
	EndGlobalSection
EndGlobal
